{
  "name": "drawlines",
  "lockfileVersion": 2,
  "requires": true,
  "packages": {
    "": {
      "dependencies": {
        "three": "^0.128.0",
        "three-js": "^79.0.0",
        "three.meshline": "^1.3.0"
      }
    },
    "node_modules/three": {
      "version": "0.128.0",
      "resolved": "https://registry.npmjs.org/three/-/three-0.128.0.tgz",
      "integrity": "sha512-i0ap/E+OaSfzw7bD1TtYnPo3VEplkl70WX5fZqZnfZsE3k3aSFudqrrC9ldFZfYFkn1zwDmBcdGfiIm/hnbyZA=="
    },
    "node_modules/three-js": {
      "version": "79.0.0",
      "resolved": "https://registry.npmjs.org/three-js/-/three-js-79.0.0.tgz",
      "integrity": "sha1-AxjqrKsobdz4j6Phl36KbuaVe1k="
    },
    "node_modules/three.meshline": {
      "version": "1.3.0",
      "resolved": "https://registry.npmjs.org/three.meshline/-/three.meshline-1.3.0.tgz",
      "integrity": "sha512-ZEb6cZiMh7RFPAQ0320aVBQx1CK4/wFffG9NNAArfX4KBPSJzjS19tYSuhNX7eZ1trU4blEHixz1EXkXN33++w=="
    }
  },
  "dependencies": {
    "three": {
      "version": "0.128.0",
      "resolved": "https://registry.npmjs.org/three/-/three-0.128.0.tgz",
      "integrity": "sha512-i0ap/E+OaSfzw7bD1TtYnPo3VEplkl70WX5fZqZnfZsE3k3aSFudqrrC9ldFZfYFkn1zwDmBcdGfiIm/hnbyZA=="
    },
    "three-js": {
      "version": "79.0.0",
      "resolved": "https://registry.npmjs.org/three-js/-/three-js-79.0.0.tgz",
      "integrity": "sha1-AxjqrKsobdz4j6Phl36KbuaVe1k="
    },
    "three.meshline": {
      "version": "1.3.0",
      "resolved": "https://registry.npmjs.org/three.meshline/-/three.meshline-1.3.0.tgz",
      "integrity": "sha512-ZEb6cZiMh7RFPAQ0320aVBQx1CK4/wFffG9NNAArfX4KBPSJzjS19tYSuhNX7eZ1trU4blEHixz1EXkXN33++w=="
    }
  }
}
